// !$*UTF8*$!
{
	archiveVersion = 1;
	classes = {
	};
	objectVersion = 46;
	objects = {

/* Begin PBXBuildFile section */
		4C0BA6781A361F5000EF9CD7 /* Dropbox.framework in Frameworks */ = {isa = PBXBuildFile; fileRef = 4C0BA6771A361F5000EF9CD7 /* Dropbox.framework */; };
		4C4A6ABC19D7467A00320DF3 /* AppDelegate.swift in Sources */ = {isa = PBXBuildFile; fileRef = 4C4A6ABB19D7467A00320DF3 /* AppDelegate.swift */; };
		4C4A6ABE19D7467A00320DF3 /* ListsViewController.swift in Sources */ = {isa = PBXBuildFile; fileRef = 4C4A6ABD19D7467A00320DF3 /* ListsViewController.swift */; };
		4C4A6AC119D7467A00320DF3 /* Main.storyboard in Resources */ = {isa = PBXBuildFile; fileRef = 4C4A6ABF19D7467A00320DF3 /* Main.storyboard */; };
		4C4A6AC319D7467B00320DF3 /* Images.xcassets in Resources */ = {isa = PBXBuildFile; fileRef = 4C4A6AC219D7467B00320DF3 /* Images.xcassets */; };
		4C4A6AC619D7467B00320DF3 /* LaunchScreen.xib in Resources */ = {isa = PBXBuildFile; fileRef = 4C4A6AC419D7467B00320DF3 /* LaunchScreen.xib */; };
		4C4A6AD219D7467B00320DF3 /* SwiftListsTests.swift in Sources */ = {isa = PBXBuildFile; fileRef = 4C4A6AD119D7467B00320DF3 /* SwiftListsTests.swift */; };
		4C4A6ADF19D7494200320DF3 /* CFNetwork.framework in Frameworks */ = {isa = PBXBuildFile; fileRef = 4C4A6ADE19D7494200320DF3 /* CFNetwork.framework */; };
		4C4A6AE119D7494600320DF3 /* Security.framework in Frameworks */ = {isa = PBXBuildFile; fileRef = 4C4A6AE019D7494600320DF3 /* Security.framework */; };
		4C4A6AE319D7495000320DF3 /* SystemConfiguration.framework in Frameworks */ = {isa = PBXBuildFile; fileRef = 4C4A6AE219D7495000320DF3 /* SystemConfiguration.framework */; };
		4C4A6AE519D7495900320DF3 /* QuartzCore.framework in Frameworks */ = {isa = PBXBuildFile; fileRef = 4C4A6AE419D7495900320DF3 /* QuartzCore.framework */; };
		4C4A6AE719D7496200320DF3 /* libc++.dylib in Frameworks */ = {isa = PBXBuildFile; fileRef = 4C4A6AE619D7496200320DF3 /* libc++.dylib */; };
		4C4A6AE919D7498100320DF3 /* libz.dylib in Frameworks */ = {isa = PBXBuildFile; fileRef = 4C4A6AE819D7498100320DF3 /* libz.dylib */; };
		4C4A6AEE19D78DAB00320DF3 /* ListViewController.swift in Sources */ = {isa = PBXBuildFile; fileRef = 4C4A6AED19D78DAB00320DF3 /* ListViewController.swift */; };
		4C58FED419DB60790058C151 /* PickerCell.swift in Sources */ = {isa = PBXBuildFile; fileRef = 4C58FED319DB60790058C151 /* PickerCell.swift */; };
		4C75067719DB59BF00ADEF3C /* ShareViewController.swift in Sources */ = {isa = PBXBuildFile; fileRef = 4C75067619DB59BF00ADEF3C /* ShareViewController.swift */; };
/* End PBXBuildFile section */

/* Begin PBXContainerItemProxy section */
		4C4A6ACC19D7467B00320DF3 /* PBXContainerItemProxy */ = {
			isa = PBXContainerItemProxy;
			containerPortal = 4C4A6AAE19D7467A00320DF3 /* Project object */;
			proxyType = 1;
			remoteGlobalIDString = 4C4A6AB519D7467A00320DF3;
			remoteInfo = SwiftLists;
		};
/* End PBXContainerItemProxy section */

/* Begin PBXFileReference section */
		4C0BA6771A361F5000EF9CD7 /* Dropbox.framework */ = {isa = PBXFileReference; lastKnownFileType = wrapper.framework; path = Dropbox.framework; sourceTree = "<group>"; };
		4C4A6AB619D7467A00320DF3 /* SwiftLists.app */ = {isa = PBXFileReference; explicitFileType = wrapper.application; includeInIndex = 0; path = SwiftLists.app; sourceTree = BUILT_PRODUCTS_DIR; };
		4C4A6ABA19D7467A00320DF3 /* Info.plist */ = {isa = PBXFileReference; lastKnownFileType = text.plist.xml; path = Info.plist; sourceTree = "<group>"; };
		4C4A6ABB19D7467A00320DF3 /* AppDelegate.swift */ = {isa = PBXFileReference; lastKnownFileType = sourcecode.swift; path = AppDelegate.swift; sourceTree = "<group>"; };
		4C4A6ABD19D7467A00320DF3 /* ListsViewController.swift */ = {isa = PBXFileReference; lastKnownFileType = sourcecode.swift; path = ListsViewController.swift; sourceTree = "<group>"; };
		4C4A6AC019D7467A00320DF3 /* Base */ = {isa = PBXFileReference; lastKnownFileType = file.storyboard; name = Base; path = Base.lproj/Main.storyboard; sourceTree = "<group>"; };
		4C4A6AC219D7467B00320DF3 /* Images.xcassets */ = {isa = PBXFileReference; lastKnownFileType = folder.assetcatalog; path = Images.xcassets; sourceTree = "<group>"; };
		4C4A6AC519D7467B00320DF3 /* Base */ = {isa = PBXFileReference; lastKnownFileType = file.xib; name = Base; path = Base.lproj/LaunchScreen.xib; sourceTree = "<group>"; };
		4C4A6ACB19D7467B00320DF3 /* SwiftListsTests.xctest */ = {isa = PBXFileReference; explicitFileType = wrapper.cfbundle; includeInIndex = 0; path = SwiftListsTests.xctest; sourceTree = BUILT_PRODUCTS_DIR; };
		4C4A6AD019D7467B00320DF3 /* Info.plist */ = {isa = PBXFileReference; lastKnownFileType = text.plist.xml; path = Info.plist; sourceTree = "<group>"; };
		4C4A6AD119D7467B00320DF3 /* SwiftListsTests.swift */ = {isa = PBXFileReference; lastKnownFileType = sourcecode.swift; path = SwiftListsTests.swift; sourceTree = "<group>"; };
		4C4A6ADE19D7494200320DF3 /* CFNetwork.framework */ = {isa = PBXFileReference; lastKnownFileType = wrapper.framework; name = CFNetwork.framework; path = System/Library/Frameworks/CFNetwork.framework; sourceTree = SDKROOT; };
		4C4A6AE019D7494600320DF3 /* Security.framework */ = {isa = PBXFileReference; lastKnownFileType = wrapper.framework; name = Security.framework; path = System/Library/Frameworks/Security.framework; sourceTree = SDKROOT; };
		4C4A6AE219D7495000320DF3 /* SystemConfiguration.framework */ = {isa = PBXFileReference; lastKnownFileType = wrapper.framework; name = SystemConfiguration.framework; path = System/Library/Frameworks/SystemConfiguration.framework; sourceTree = SDKROOT; };
		4C4A6AE419D7495900320DF3 /* QuartzCore.framework */ = {isa = PBXFileReference; lastKnownFileType = wrapper.framework; name = QuartzCore.framework; path = System/Library/Frameworks/QuartzCore.framework; sourceTree = SDKROOT; };
		4C4A6AE619D7496200320DF3 /* libc++.dylib */ = {isa = PBXFileReference; lastKnownFileType = "compiled.mach-o.dylib"; name = "libc++.dylib"; path = "usr/lib/libc++.dylib"; sourceTree = SDKROOT; };
		4C4A6AE819D7498100320DF3 /* libz.dylib */ = {isa = PBXFileReference; lastKnownFileType = "compiled.mach-o.dylib"; name = libz.dylib; path = usr/lib/libz.dylib; sourceTree = SDKROOT; };
		4C4A6AEA19D74A0B00320DF3 /* SwiftLists-Bridging-Header.h */ = {isa = PBXFileReference; lastKnownFileType = sourcecode.c.h; path = "SwiftLists-Bridging-Header.h"; sourceTree = "<group>"; };
		4C4A6AED19D78DAB00320DF3 /* ListViewController.swift */ = {isa = PBXFileReference; fileEncoding = 4; lastKnownFileType = sourcecode.swift; path = ListViewController.swift; sourceTree = "<group>"; };
		4C58FED319DB60790058C151 /* PickerCell.swift */ = {isa = PBXFileReference; fileEncoding = 4; lastKnownFileType = sourcecode.swift; path = PickerCell.swift; sourceTree = "<group>"; };
		4C75067619DB59BF00ADEF3C /* ShareViewController.swift */ = {isa = PBXFileReference; fileEncoding = 4; lastKnownFileType = sourcecode.swift; path = ShareViewController.swift; sourceTree = "<group>"; };
/* End PBXFileReference section */

/* Begin PBXFrameworksBuildPhase section */
		4C4A6AB319D7467A00320DF3 /* Frameworks */ = {
			isa = PBXFrameworksBuildPhase;
			buildActionMask = 2147483647;
			files = (
				4C4A6AE719D7496200320DF3 /* libc++.dylib in Frameworks */,
				4C4A6AE919D7498100320DF3 /* libz.dylib in Frameworks */,
				4C4A6ADF19D7494200320DF3 /* CFNetwork.framework in Frameworks */,
				4C0BA6781A361F5000EF9CD7 /* Dropbox.framework in Frameworks */,
				4C4A6AE519D7495900320DF3 /* QuartzCore.framework in Frameworks */,
				4C4A6AE119D7494600320DF3 /* Security.framework in Frameworks */,
				4C4A6AE319D7495000320DF3 /* SystemConfiguration.framework in Frameworks */,
			);
			runOnlyForDeploymentPostprocessing = 0;
		};
		4C4A6AC819D7467B00320DF3 /* Frameworks */ = {
			isa = PBXFrameworksBuildPhase;
			buildActionMask = 2147483647;
			files = (
			);
			runOnlyForDeploymentPostprocessing = 0;
		};
/* End PBXFrameworksBuildPhase section */

/* Begin PBXGroup section */
		4C4A6AAD19D7467A00320DF3 = {
			isa = PBXGroup;
			children = (
				4C4A6AB819D7467A00320DF3 /* SwiftLists */,
				4C4A6ACE19D7467B00320DF3 /* SwiftListsTests */,
				4C4A6AB719D7467A00320DF3 /* Products */,
				4C4A6ADD19D7492700320DF3 /* Frameworks */,
			);
			sourceTree = "<group>";
		};
		4C4A6AB719D7467A00320DF3 /* Products */ = {
			isa = PBXGroup;
			children = (
				4C4A6AB619D7467A00320DF3 /* SwiftLists.app */,
				4C4A6ACB19D7467B00320DF3 /* SwiftListsTests.xctest */,
			);
			name = Products;
			sourceTree = "<group>";
		};
		4C4A6AB819D7467A00320DF3 /* SwiftLists */ = {
			isa = PBXGroup;
			children = (
				4C4A6ABB19D7467A00320DF3 /* AppDelegate.swift */,
				4C4A6ABD19D7467A00320DF3 /* ListsViewController.swift */,
				4C4A6AED19D78DAB00320DF3 /* ListViewController.swift */,
				4C75067619DB59BF00ADEF3C /* ShareViewController.swift */,
				4C58FED319DB60790058C151 /* PickerCell.swift */,
				4C4A6ABF19D7467A00320DF3 /* Main.storyboard */,
				4C4A6AC419D7467B00320DF3 /* LaunchScreen.xib */,
				4C4A6AC219D7467B00320DF3 /* Images.xcassets */,
				4C4A6AEA19D74A0B00320DF3 /* SwiftLists-Bridging-Header.h */,
				4C4A6AB919D7467A00320DF3 /* Supporting Files */,
			);
			path = SwiftLists;
			sourceTree = "<group>";
		};
		4C4A6AB919D7467A00320DF3 /* Supporting Files */ = {
			isa = PBXGroup;
			children = (
				4C4A6ABA19D7467A00320DF3 /* Info.plist */,
			);
			name = "Supporting Files";
			sourceTree = "<group>";
		};
		4C4A6ACE19D7467B00320DF3 /* SwiftListsTests */ = {
			isa = PBXGroup;
			children = (
				4C4A6AD119D7467B00320DF3 /* SwiftListsTests.swift */,
				4C4A6ACF19D7467B00320DF3 /* Supporting Files */,
			);
			path = SwiftListsTests;
			sourceTree = "<group>";
		};
		4C4A6ACF19D7467B00320DF3 /* Supporting Files */ = {
			isa = PBXGroup;
			children = (
				4C4A6AD019D7467B00320DF3 /* Info.plist */,
			);
			name = "Supporting Files";
			sourceTree = "<group>";
		};
		4C4A6ADD19D7492700320DF3 /* Frameworks */ = {
			isa = PBXGroup;
			children = (
				4C4A6AE619D7496200320DF3 /* libc++.dylib */,
				4C4A6AE819D7498100320DF3 /* libz.dylib */,
				4C4A6ADE19D7494200320DF3 /* CFNetwork.framework */,
				4C0BA6771A361F5000EF9CD7 /* Dropbox.framework */,
				4C4A6AE419D7495900320DF3 /* QuartzCore.framework */,
				4C4A6AE019D7494600320DF3 /* Security.framework */,
				4C4A6AE219D7495000320DF3 /* SystemConfiguration.framework */,
			);
			name = Frameworks;
			sourceTree = "<group>";
		};
/* End PBXGroup section */

/* Begin PBXNativeTarget section */
		4C4A6AB519D7467A00320DF3 /* SwiftLists */ = {
			isa = PBXNativeTarget;
			buildConfigurationList = 4C4A6AD519D7467B00320DF3 /* Build configuration list for PBXNativeTarget "SwiftLists" */;
			buildPhases = (
				4C4A6AB219D7467A00320DF3 /* Sources */,
				4C4A6AB319D7467A00320DF3 /* Frameworks */,
				4C4A6AB419D7467A00320DF3 /* Resources */,
			);
			buildRules = (
			);
			dependencies = (
			);
			name = SwiftLists;
			productName = SwiftLists;
			productReference = 4C4A6AB619D7467A00320DF3 /* SwiftLists.app */;
			productType = "com.apple.product-type.application";
		};
		4C4A6ACA19D7467B00320DF3 /* SwiftListsTests */ = {
			isa = PBXNativeTarget;
			buildConfigurationList = 4C4A6AD819D7467B00320DF3 /* Build configuration list for PBXNativeTarget "SwiftListsTests" */;
			buildPhases = (
				4C4A6AC719D7467B00320DF3 /* Sources */,
				4C4A6AC819D7467B00320DF3 /* Frameworks */,
				4C4A6AC919D7467B00320DF3 /* Resources */,
			);
			buildRules = (
			);
			dependencies = (
				4C4A6ACD19D7467B00320DF3 /* PBXTargetDependency */,
			);
			name = SwiftListsTests;
			productName = SwiftListsTests;
			productReference = 4C4A6ACB19D7467B00320DF3 /* SwiftListsTests.xctest */;
			productType = "com.apple.product-type.bundle.unit-test";
		};
/* End PBXNativeTarget section */

/* Begin PBXProject section */
		4C4A6AAE19D7467A00320DF3 /* Project object */ = {
			isa = PBXProject;
			attributes = {
				LastUpgradeCheck = 0610;
				ORGANIZATIONNAME = Dropbox;
				TargetAttributes = {
					4C4A6AB519D7467A00320DF3 = {
						CreatedOnToolsVersion = 6.1;
					};
					4C4A6ACA19D7467B00320DF3 = {
						CreatedOnToolsVersion = 6.1;
						TestTargetID = 4C4A6AB519D7467A00320DF3;
					};
				};
			};
			buildConfigurationList = 4C4A6AB119D7467A00320DF3 /* Build configuration list for PBXProject "SwiftLists" */;
			compatibilityVersion = "Xcode 3.2";
			developmentRegion = English;
			hasScannedForEncodings = 0;
			knownRegions = (
				en,
				Base,
			);
			mainGroup = 4C4A6AAD19D7467A00320DF3;
			productRefGroup = 4C4A6AB719D7467A00320DF3 /* Products */;
			projectDirPath = "";
			projectRoot = "";
			targets = (
				4C4A6AB519D7467A00320DF3 /* SwiftLists */,
				4C4A6ACA19D7467B00320DF3 /* SwiftListsTests */,
			);
		};
/* End PBXProject section */

/* Begin PBXResourcesBuildPhase section */
		4C4A6AB419D7467A00320DF3 /* Resources */ = {
			isa = PBXResourcesBuildPhase;
			buildActionMask = 2147483647;
			files = (
				4C4A6AC119D7467A00320DF3 /* Main.storyboard in Resources */,
				4C4A6AC619D7467B00320DF3 /* LaunchScreen.xib in Resources */,
				4C4A6AC319D7467B00320DF3 /* Images.xcassets in Resources */,
			);
			runOnlyForDeploymentPostprocessing = 0;
		};
		4C4A6AC919D7467B00320DF3 /* Resources */ = {
			isa = PBXResourcesBuildPhase;
			buildActionMask = 2147483647;
			files = (
			);
			runOnlyForDeploymentPostprocessing = 0;
		};
/* End PBXResourcesBuildPhase section */

/* Begin PBXSourcesBuildPhase section */
		4C4A6AB219D7467A00320DF3 /* Sources */ = {
			isa = PBXSourcesBuildPhase;
			buildActionMask = 2147483647;
			files = (
				4C4A6ABE19D7467A00320DF3 /* ListsViewController.swift in Sources */,
				4C4A6ABC19D7467A00320DF3 /* AppDelegate.swift in Sources */,
				4C75067719DB59BF00ADEF3C /* ShareViewController.swift in Sources */,
				4C4A6AEE19D78DAB00320DF3 /* ListViewController.swift in Sources */,
				4C58FED419DB60790058C151 /* PickerCell.swift in Sources */,
			);
			runOnlyForDeploymentPostprocessing = 0;
		};
		4C4A6AC719D7467B00320DF3 /* Sources */ = {
			isa = PBXSourcesBuildPhase;
			buildActionMask = 2147483647;
			files = (
				4C4A6AD219D7467B00320DF3 /* SwiftListsTests.swift in Sources */,
			);
			runOnlyForDeploymentPostprocessing = 0;
		};
/* End PBXSourcesBuildPhase section */

/* Begin PBXTargetDependency section */
		4C4A6ACD19D7467B00320DF3 /* PBXTargetDependency */ = {
			isa = PBXTargetDependency;
			target = 4C4A6AB519D7467A00320DF3 /* SwiftLists */;
			targetProxy = 4C4A6ACC19D7467B00320DF3 /* PBXContainerItemProxy */;
		};
/* End PBXTargetDependency section */

/* Begin PBXVariantGroup section */
		4C4A6ABF19D7467A00320DF3 /* Main.storyboard */ = {
			isa = PBXVariantGroup;
			children = (
				4C4A6AC019D7467A00320DF3 /* Base */,
			);
			name = Main.storyboard;
			sourceTree = "<group>";
		};
		4C4A6AC419D7467B00320DF3 /* LaunchScreen.xib */ = {
			isa = PBXVariantGroup;
			children = (
				4C4A6AC519D7467B00320DF3 /* Base */,
			);
			name = LaunchScreen.xib;
			sourceTree = "<group>";
		};
/* End PBXVariantGroup section */

/* Begin XCBuildConfiguration section */
		4C4A6AD319D7467B00320DF3 /* Debug */ = {
			isa = XCBuildConfiguration;
			buildSettings = {
				ALWAYS_SEARCH_USER_PATHS = NO;
				CLANG_CXX_LANGUAGE_STANDARD = "gnu++0x";
				CLANG_CXX_LIBRARY = "libc++";
				CLANG_ENABLE_MODULES = YES;
				CLANG_ENABLE_OBJC_ARC = YES;
				CLANG_WARN_BOOL_CONVERSION = YES;
				CLANG_WARN_CONSTANT_CONVERSION = YES;
				CLANG_WARN_DIRECT_OBJC_ISA_USAGE = YES_ERROR;
				CLANG_WARN_EMPTY_BODY = YES;
				CLANG_WARN_ENUM_CONVERSION = YES;
				CLANG_WARN_INT_CONVERSION = YES;
				CLANG_WARN_OBJC_ROOT_CLASS = YES_ERROR;
				CLANG_WARN_UNREACHABLE_CODE = YES;
				CLANG_WARN__DUPLICATE_METHOD_MATCH = YES;
				"CODE_SIGN_IDENTITY[sdk=iphoneos*]" = "iPhone Developer";
				COPY_PHASE_STRIP = NO;
				ENABLE_STRICT_OBJC_MSGSEND = YES;
				GCC_C_LANGUAGE_STANDARD = gnu99;
				GCC_DYNAMIC_NO_PIC = NO;
				GCC_OPTIMIZATION_LEVEL = 0;
				GCC_PREPROCESSOR_DEFINITIONS = (
					"DEBUG=1",
					"$(inherited)",
				);
				GCC_SYMBOLS_PRIVATE_EXTERN = NO;
				GCC_WARN_64_TO_32_BIT_CONVERSION = YES;
				GCC_WARN_ABOUT_RETURN_TYPE = YES_ERROR;
				GCC_WARN_UNDECLARED_SELECTOR = YES;
				GCC_WARN_UNINITIALIZED_AUTOS = YES_AGGRESSIVE;
				GCC_WARN_UNUSED_FUNCTION = YES;
				GCC_WARN_UNUSED_VARIABLE = YES;
				IPHONEOS_DEPLOYMENT_TARGET = 8.0;
				MTL_ENABLE_DEBUG_INFO = YES;
				ONLY_ACTIVE_ARCH = YES;
				SDKROOT = iphoneos;
				SWIFT_OPTIMIZATION_LEVEL = "-Onone";
				TARGETED_DEVICE_FAMILY = "1,2";
			};
			name = Debug;
		};
		4C4A6AD419D7467B00320DF3 /* Release */ = {
			isa = XCBuildConfiguration;
			buildSettings = {
				ALWAYS_SEARCH_USER_PATHS = NO;
				CLANG_CXX_LANGUAGE_STANDARD = "gnu++0x";
				CLANG_CXX_LIBRARY = "libc++";
				CLANG_ENABLE_MODULES = YES;
				CLANG_ENABLE_OBJC_ARC = YES;
				CLANG_WARN_BOOL_CONVERSION = YES;
				CLANG_WARN_CONSTANT_CONVERSION = YES;
				CLANG_WARN_DIRECT_OBJC_ISA_USAGE = YES_ERROR;
				CLANG_WARN_EMPTY_BODY = YES;
				CLANG_WARN_ENUM_CONVERSION = YES;
				CLANG_WARN_INT_CONVERSION = YES;
				CLANG_WARN_OBJC_ROOT_CLASS = YES_ERROR;
				CLANG_WARN_UNREACHABLE_CODE = YES;
				CLANG_WARN__DUPLICATE_METHOD_MATCH = YES;
				"CODE_SIGN_IDENTITY[sdk=iphoneos*]" = "iPhone Developer";
				COPY_PHASE_STRIP = YES;
				ENABLE_NS_ASSERTIONS = NO;
				ENABLE_STRICT_OBJC_MSGSEND = YES;
				GCC_C_LANGUAGE_STANDARD = gnu99;
				GCC_WARN_64_TO_32_BIT_CONVERSION = YES;
				GCC_WARN_ABOUT_RETURN_TYPE = YES_ERROR;
				GCC_WARN_UNDECLARED_SELECTOR = YES;
				GCC_WARN_UNINITIALIZED_AUTOS = YES_AGGRESSIVE;
				GCC_WARN_UNUSED_FUNCTION = YES;
				GCC_WARN_UNUSED_VARIABLE = YES;
				IPHONEOS_DEPLOYMENT_TARGET = 8.0;
				MTL_ENABLE_DEBUG_INFO = NO;
				SDKROOT = iphoneos;
				TARGETED_DEVICE_FAMILY = "1,2";
				VALIDATE_PRODUCT = YES;
			};
			name = Release;
		};
		4C4A6AD619D7467B00320DF3 /* Debug */ = {
			isa = XCBuildConfiguration;
			buildSettings = {
				ASSETCATALOG_COMPILER_APPICON_NAME = AppIcon;
				CLANG_ENABLE_MODULES = YES;
				FRAMEWORK_SEARCH_PATHS = (
					"$(inherited)",
					"$(PROJECT_DIR)",
				);
				INFOPLIST_FILE = SwiftLists/Info.plist;
				LD_RUNPATH_SEARCH_PATHS = "$(inherited) @executable_path/Frameworks";
				PRODUCT_NAME = "$(TARGET_NAME)";
				SWIFT_OBJC_BRIDGING_HEADER = "SwiftLists/SwiftLists-Bridging-Header.h";
				SWIFT_OPTIMIZATION_LEVEL = "-Onone";
			};
			name = Debug;
		};
		4C4A6AD719D7467B00320DF3 /* Release */ = {
			isa = XCBuildConfiguration;
			buildSettings = {
				ASSETCATALOG_COMPILER_APPICON_NAME = AppIcon;
				CLANG_ENABLE_MODULES = YES;
				FRAMEWORK_SEARCH_PATHS = (
					"$(inherited)",
					"$(PROJECT_DIR)",
				);
				INFOPLIST_FILE = SwiftLists/Info.plist;
				LD_RUNPATH_SEARCH_PATHS = "$(inherited) @executable_path/Frameworks";
				PRODUCT_NAME = "$(TARGET_NAME)";
				SWIFT_OBJC_BRIDGING_HEADER = "SwiftLists/SwiftLists-Bridging-Header.h";
			};
			name = Release;
		};
		4C4A6AD919D7467B00320DF3 /* Debug */ = {
			isa = XCBuildConfiguration;
			buildSettings = {
				BUNDLE_LOADER = "$(TEST_HOST)";
				FRAMEWORK_SEARCH_PATHS = (
					"$(SDKROOT)/Developer/Library/Frameworks",
					"$(inherited)",
				);
				GCC_PREPROCESSOR_DEFINITIONS = (
					"DEBUG=1",
					"$(inherited)",
				);
				INFOPLIST_FILE = SwiftListsTests/Info.plist;
				LD_RUNPATH_SEARCH_PATHS = "$(inherited) @executable_path/Frameworks @loader_path/Frameworks";
				PRODUCT_NAME = "$(TARGET_NAME)";
				TEST_HOST = "$(BUILT_PRODUCTS_DIR)/SwiftLists.app/SwiftLists";
			};
			name = Debug;
		};
		4C4A6ADA19D7467B00320DF3 /* Release */ = {
			isa = XCBuildConfiguration;
			buildSettings = {
				BUNDLE_LOADER = "$(TEST_HOST)";
				FRAMEWORK_SEARCH_PATHS = (
					"$(SDKROOT)/Developer/Library/Frameworks",
					"$(inherited)",
				);
				INFOPLIST_FILE = SwiftListsTests/Info.plist;
				LD_RUNPATH_SEARCH_PATHS = "$(inherited) @executable_path/Frameworks @loader_path/Frameworks";
				PRODUCT_NAME = "$(TARGET_NAME)";
				TEST_HOST = "$(BUILT_PRODUCTS_DIR)/SwiftLists.app/SwiftLists";
			};
			name = Release;
		};
/* End XCBuildConfiguration section */

/* Begin XCConfigurationList section */
		4C4A6AB119D7467A00320DF3 /* Build configuration list for PBXProject "SwiftLists" */ = {
			isa = XCConfigurationList;
			buildConfigurations = (
				4C4A6AD319D7467B00320DF3 /* Debug */,
				4C4A6AD419D7467B00320DF3 /* Release */,
			);
			defaultConfigurationIsVisible = 0;
			defaultConfigurationName = Release;
		};
		4C4A6AD519D7467B00320DF3 /* Build configuration list for PBXNativeTarget "SwiftLists" */ = {
			isa = XCConfigurationList;
			buildConfigurations = (
				4C4A6AD619D7467B00320DF3 /* Debug */,
				4C4A6AD719D7467B00320DF3 /* Release */,
			);
			defaultConfigurationIsVisible = 0;
			defaultConfigurationName = Release;
		};
		4C4A6AD819D7467B00320DF3 /* Build configuration list for PBXNativeTarget "SwiftListsTests" */ = {
			isa = XCConfigurationList;
			buildConfigurations = (
				4C4A6AD919D7467B00320DF3 /* Debug */,
				4C4A6ADA19D7467B00320DF3 /* Release */,
			);
			defaultConfigurationIsVisible = 0;
			defaultConfigurationName = Release;
		};
/* End XCConfigurationList section */
	};
	rootObject = 4C4A6AAE19D7467A00320DF3 /* Project object */;
}
